// !$*UTF8*$!
{
	archiveVersion = 1;
	classes = {
	};
	objectVersion = 50;
	objects = {

/* Begin PBXBuildFile section */
		C266FEA326E3D5E700D8BA7A /* ProjetoFinal_IOS_BasicoApp.swift in Sources */ = {isa = PBXBuildFile; fileRef = C266FEA226E3D5E700D8BA7A /* ProjetoFinal_IOS_BasicoApp.swift */; };
		C266FEA526E3D5E700D8BA7A /* ContentView.swift in Sources */ = {isa = PBXBuildFile; fileRef = C266FEA426E3D5E700D8BA7A /* ContentView.swift */; };
		C266FEA726E3D5FB00D8BA7A /* Assets.xcassets in Resources */ = {isa = PBXBuildFile; fileRef = C266FEA626E3D5FB00D8BA7A /* Assets.xcassets */; };
		C266FEAA26E3D5FB00D8BA7A /* Preview Assets.xcassets in Resources */ = {isa = PBXBuildFile; fileRef = C266FEA926E3D5FB00D8BA7A /* Preview Assets.xcassets */; };
		C266FEB926E3E62900D8BA7A /* Persistencia.swift in Sources */ = {isa = PBXBuildFile; fileRef = C266FEB826E3E62900D8BA7A /* Persistencia.swift */; };
		C2B1C30226E40838003E43D0 /* modeloDados.xcdatamodeld in Sources */ = {isa = PBXBuildFile; fileRef = C2B1C30026E40838003E43D0 /* modeloDados.xcdatamodeld */; };
/* End PBXBuildFile section */

/* Begin PBXFileReference section */
		C266FE9F26E3D5E700D8BA7A /* ProjetoFinal_IOS_Basico.app */ = {isa = PBXFileReference; explicitFileType = wrapper.application; includeInIndex = 0; path = ProjetoFinal_IOS_Basico.app; sourceTree = BUILT_PRODUCTS_DIR; };
		C266FEA226E3D5E700D8BA7A /* ProjetoFinal_IOS_BasicoApp.swift */ = {isa = PBXFileReference; lastKnownFileType = sourcecode.swift; path = ProjetoFinal_IOS_BasicoApp.swift; sourceTree = "<group>"; };
		C266FEA426E3D5E700D8BA7A /* ContentView.swift */ = {isa = PBXFileReference; lastKnownFileType = sourcecode.swift; path = ContentView.swift; sourceTree = "<group>"; };
		C266FEA626E3D5FB00D8BA7A /* Assets.xcassets */ = {isa = PBXFileReference; lastKnownFileType = folder.assetcatalog; path = Assets.xcassets; sourceTree = "<group>"; };
		C266FEA926E3D5FB00D8BA7A /* Preview Assets.xcassets */ = {isa = PBXFileReference; lastKnownFileType = folder.assetcatalog; path = "Preview Assets.xcassets"; sourceTree = "<group>"; };
		C266FEAB26E3D5FB00D8BA7A /* Info.plist */ = {isa = PBXFileReference; lastKnownFileType = text.plist.xml; path = Info.plist; sourceTree = "<group>"; };
		C266FEB826E3E62900D8BA7A /* Persistencia.swift */ = {isa = PBXFileReference; fileEncoding = 4; lastKnownFileType = sourcecode.swift; path = Persistencia.swift; sourceTree = "<group>"; };
		C2B1C30126E40838003E43D0 /* modeloDados.xcdatamodel */ = {isa = PBXFileReference; lastKnownFileType = wrapper.xcdatamodel; path = modeloDados.xcdatamodel; sourceTree = "<group>"; };
/* End PBXFileReference section */

/* Begin PBXFrameworksBuildPhase section */
		C266FE9C26E3D5E700D8BA7A /* Frameworks */ = {
			isa = PBXFrameworksBuildPhase;
			buildActionMask = 2147483647;
			files = (
			);
			runOnlyForDeploymentPostprocessing = 0;
		};
/* End PBXFrameworksBuildPhase section */

/* Begin PBXGroup section */
		C266FE9626E3D5E700D8BA7A = {
			isa = PBXGroup;
			children = (
				C266FEA126E3D5E700D8BA7A /* ProjetoFinal_IOS_Basico */,
				C266FEA026E3D5E700D8BA7A /* Products */,
			);
			sourceTree = "<group>";
		};
		C266FEA026E3D5E700D8BA7A /* Products */ = {
			isa = PBXGroup;
			children = (
				C266FE9F26E3D5E700D8BA7A /* ProjetoFinal_IOS_Basico.app */,
			);
			name = Products;
			sourceTree = "<group>";
		};
		C266FEA126E3D5E700D8BA7A /* ProjetoFinal_IOS_Basico */ = {
			isa = PBXGroup;
			children = (
				C266FEB826E3E62900D8BA7A /* Persistencia.swift */,
				C266FEA226E3D5E700D8BA7A /* ProjetoFinal_IOS_BasicoApp.swift */,
				C266FEA426E3D5E700D8BA7A /* ContentView.swift */,
				C266FEA626E3D5FB00D8BA7A /* Assets.xcassets */,
				C266FEAB26E3D5FB00D8BA7A /* Info.plist */,
				C266FEA826E3D5FB00D8BA7A /* Preview Content */,
				C2B1C30026E40838003E43D0 /* modeloDados.xcdatamodeld */,
			);
			path = ProjetoFinal_IOS_Basico;
			sourceTree = "<group>";
		};
		C266FEA826E3D5FB00D8BA7A /* Preview Content */ = {
			isa = PBXGroup;
			children = (
				C266FEA926E3D5FB00D8BA7A /* Preview Assets.xcassets */,
			);
			path = "Preview Content";
			sourceTree = "<group>";
		};
/* End PBXGroup section */

/* Begin PBXNativeTarget section */
		C266FE9E26E3D5E700D8BA7A /* ProjetoFinal_IOS_Basico */ = {
			isa = PBXNativeTarget;
			buildConfigurationList = C266FEAE26E3D5FB00D8BA7A /* Build configuration list for PBXNativeTarget "ProjetoFinal_IOS_Basico" */;
			buildPhases = (
				C266FE9B26E3D5E700D8BA7A /* Sources */,
				C266FE9C26E3D5E700D8BA7A /* Frameworks */,
				C266FE9D26E3D5E700D8BA7A /* Resources */,
			);
			buildRules = (
			);
			dependencies = (
			);
			name = ProjetoFinal_IOS_Basico;
			productName = ProjetoFinal_IOS_Basico;
			productReference = C266FE9F26E3D5E700D8BA7A /* ProjetoFinal_IOS_Basico.app */;
			productType = "com.apple.product-type.application";
		};
/* End PBXNativeTarget section */

/* Begin PBXProject section */
		C266FE9726E3D5E700D8BA7A /* Project object */ = {
			isa = PBXProject;
			attributes = {
				LastSwiftUpdateCheck = 1220;
				LastUpgradeCheck = 1220;
				TargetAttributes = {
					C266FE9E26E3D5E700D8BA7A = {
						CreatedOnToolsVersion = 12.2;
					};
				};
			};
			buildConfigurationList = C266FE9A26E3D5E700D8BA7A /* Build configuration list for PBXProject "ProjetoFinal_IOS_Basico" */;
			compatibilityVersion = "Xcode 9.3";
			developmentRegion = en;
			hasScannedForEncodings = 0;
			knownRegions = (
				en,
				Base,
			);
			mainGroup = C266FE9626E3D5E700D8BA7A;
			productRefGroup = C266FEA026E3D5E700D8BA7A /* Products */;
			projectDirPath = "";
			projectRoot = "";
			targets = (
				C266FE9E26E3D5E700D8BA7A /* ProjetoFinal_IOS_Basico */,
			);
		};
/* End PBXProject section */

/* Begin PBXResourcesBuildPhase section */
		C266FE9D26E3D5E700D8BA7A /* Resources */ = {
			isa = PBXResourcesBuildPhase;
			buildActionMask = 2147483647;
			files = (
				C266FEAA26E3D5FB00D8BA7A /* Preview Assets.xcassets in Resources */,
				C266FEA726E3D5FB00D8BA7A /* Assets.xcassets in Resources */,
			);
			runOnlyForDeploymentPostprocessing = 0;
		};
/* End PBXResourcesBuildPhase section */

/* Begin PBXSourcesBuildPhase section */
		C266FE9B26E3D5E700D8BA7A /* Sources */ = {
			isa = PBXSourcesBuildPhase;
			buildActionMask = 2147483647;
			files = (
				C266FEA526E3D5E700D8BA7A /* ContentView.swift in Sources */,
				C266FEA326E3D5E700D8BA7A /* ProjetoFinal_IOS_BasicoApp.swift in Sources */,
				C266FEB926E3E62900D8BA7A /* Persistencia.swift in Sources */,
				C2B1C30226E40838003E43D0 /* modeloDados.xcdatamodeld in Sources */,
			);
			runOnlyForDeploymentPostprocessing = 0;
		};
/* End PBXSourcesBuildPhase section */

/* Begin XCBuildConfiguration section */
		C266FEAC26E3D5FB00D8BA7A /* Debug */ = {
			isa = XCBuildConfiguration;
			buildSettings = {
				ALWAYS_SEARCH_USER_PATHS = NO;
				CLANG_ANALYZER_NONNULL = YES;
				CLANG_ANALYZER_NUMBER_OBJECT_CONVERSION = YES_AGGRESSIVE;
				CLANG_CXX_LANGUAGE_STANDARD = "gnu++14";
				CLANG_CXX_LIBRARY = "libc++";
				CLANG_ENABLE_MODULES = YES;
				CLANG_ENABLE_OBJC_ARC = YES;
				CLANG_ENABLE_OBJC_WEAK = YES;
				CLANG_WARN_BLOCK_CAPTURE_AUTORELEASING = YES;
				CLANG_WARN_BOOL_CONVERSION = YES;
				CLANG_WARN_COMMA = YES;
				CLANG_WARN_CONSTANT_CONVERSION = YES;
				CLANG_WARN_DEPRECATED_OBJC_IMPLEMENTATIONS = YES;
				CLANG_WARN_DIRECT_OBJC_ISA_USAGE = YES_ERROR;
				CLANG_WARN_DOCUMENTATION_COMMENTS = YES;
				CLANG_WARN_EMPTY_BODY = YES;
				CLANG_WARN_ENUM_CONVERSION = YES;
				CLANG_WARN_INFINITE_RECURSION = YES;
				CLANG_WARN_INT_CONVERSION = YES;
				CLANG_WARN_NON_LITERAL_NULL_CONVERSION = YES;
				CLANG_WARN_OBJC_IMPLICIT_RETAIN_SELF = YES;
				CLANG_WARN_OBJC_LITERAL_CONVERSION = YES;
				CLANG_WARN_OBJC_ROOT_CLASS = YES_ERROR;
				CLANG_WARN_QUOTED_INCLUDE_IN_FRAMEWORK_HEADER = YES;
				CLANG_WARN_RANGE_LOOP_ANALYSIS = YES;
				CLANG_WARN_STRICT_PROTOTYPES = YES;
				CLANG_WARN_SUSPICIOUS_MOVE = YES;
				CLANG_WARN_UNGUARDED_AVAILABILITY = YES_AGGRESSIVE;
				CLANG_WARN_UNREACHABLE_CODE = YES;
				CLANG_WARN__DUPLICATE_METHOD_MATCH = YES;
				COPY_PHASE_STRIP = NO;
				DEBUG_INFORMATION_FORMAT = dwarf;
				ENABLE_STRICT_OBJC_MSGSEND = YES;
				ENABLE_TESTABILITY = YES;
				GCC_C_LANGUAGE_STANDARD = gnu11;
				GCC_DYNAMIC_NO_PIC = NO;
				GCC_NO_COMMON_BLOCKS = YES;
				GCC_OPTIMIZATION_LEVEL = 0;
				GCC_PREPROCESSOR_DEFINITIONS = (
					"DEBUG=1",
					"$(inherited)",
				);
				GCC_WARN_64_TO_32_BIT_CONVERSION = YES;
				GCC_WARN_ABOUT_RETURN_TYPE = YES_ERROR;
				GCC_WARN_UNDECLARED_SELECTOR = YES;
				GCC_WARN_UNINITIALIZED_AUTOS = YES_AGGRESSIVE;
				GCC_WARN_UNUSED_FUNCTION = YES;
				GCC_WARN_UNUSED_VARIABLE = YES;
				IPHONEOS_DEPLOYMENT_TARGET = 14.2;
				MTL_ENABLE_DEBUG_INFO = INCLUDE_SOURCE;
				MTL_FAST_MATH = YES;
				ONLY_ACTIVE_ARCH = YES;
				SDKROOT = iphoneos;
				SWIFT_ACTIVE_COMPILATION_CONDITIONS = DEBUG;
				SWIFT_OPTIMIZATION_LEVEL = "-Onone";
			};
			name = Debug;
		};
		C266FEAD26E3D5FB00D8BA7A /* Release */ = {
			isa = XCBuildConfiguration;
			buildSettings = {
				ALWAYS_SEARCH_USER_PATHS = NO;
				CLANG_ANALYZER_NONNULL = YES;
				CLANG_ANALYZER_NUMBER_OBJECT_CONVERSION = YES_AGGRESSIVE;
				CLANG_CXX_LANGUAGE_STANDARD = "gnu++14";
				CLANG_CXX_LIBRARY = "libc++";
				CLANG_ENABLE_MODULES = YES;
				CLANG_ENABLE_OBJC_ARC = YES;
				CLANG_ENABLE_OBJC_WEAK = YES;
				CLANG_WARN_BLOCK_CAPTURE_AUTORELEASING = YES;
				CLANG_WARN_BOOL_CONVERSION = YES;
				CLANG_WARN_COMMA = YES;
				CLANG_WARN_CONSTANT_CONVERSION = YES;
				CLANG_WARN_DEPRECATED_OBJC_IMPLEMENTATIONS = YES;
				CLANG_WARN_DIRECT_OBJC_ISA_USAGE = YES_ERROR;
				CLANG_WARN_DOCUMENTATION_COMMENTS = YES;
				CLANG_WARN_EMPTY_BODY = YES;
				CLANG_WARN_ENUM_CONVERSION = YES;
				CLANG_WARN_INFINITE_RECURSION = YES;
				CLANG_WARN_INT_CONVERSION = YES;
				CLANG_WARN_NON_LITERAL_NULL_CONVERSION = YES;
				CLANG_WARN_OBJC_IMPLICIT_RETAIN_SELF = YES;
				CLANG_WARN_OBJC_LITERAL_CONVERSION = YES;
				CLANG_WARN_OBJC_ROOT_CLASS = YES_ERROR;
				CLANG_WARN_QUOTED_INCLUDE_IN_FRAMEWORK_HEADER = YES;
				CLANG_WARN_RANGE_LOOP_ANALYSIS = YES;
				CLANG_WARN_STRICT_PROTOTYPES = YES;
				CLANG_WARN_SUSPICIOUS_MOVE = YES;
				CLANG_WARN_UNGUARDED_AVAILABILITY = YES_AGGRESSIVE;
				CLANG_WARN_UNREACHABLE_CODE = YES;
				CLANG_WARN__DUPLICATE_METHOD_MATCH = YES;
				COPY_PHASE_STRIP = NO;
				DEBUG_INFORMATION_FORMAT = "dwarf-with-dsym";
				ENABLE_NS_ASSERTIONS = NO;
				ENABLE_STRICT_OBJC_MSGSEND = YES;
				GCC_C_LANGUAGE_STANDARD = gnu11;
				GCC_NO_COMMON_BLOCKS = YES;
				GCC_WARN_64_TO_32_BIT_CONVERSION = YES;
				GCC_WARN_ABOUT_RETURN_TYPE = YES_ERROR;
				GCC_WARN_UNDECLARED_SELECTOR = YES;
				GCC_WARN_UNINITIALIZED_AUTOS = YES_AGGRESSIVE;
				GCC_WARN_UNUSED_FUNCTION = YES;
				GCC_WARN_UNUSED_VARIABLE = YES;
				IPHONEOS_DEPLOYMENT_TARGET = 14.2;
				MTL_ENABLE_DEBUG_INFO = NO;
				MTL_FAST_MATH = YES;
				SDKROOT = iphoneos;
				SWIFT_COMPILATION_MODE = wholemodule;
				SWIFT_OPTIMIZATION_LEVEL = "-O";
				VALIDATE_PRODUCT = YES;
			};
			name = Release;
		};
		C266FEAF26E3D5FB00D8BA7A /* Debug */ = {
			isa = XCBuildConfiguration;
			buildSettings = {
				ASSETCATALOG_COMPILER_APPICON_NAME = AppIcon;
				ASSETCATALOG_COMPILER_GLOBAL_ACCENT_COLOR_NAME = AccentColor;
				CODE_SIGN_STYLE = Automatic;
				DEVELOPMENT_ASSET_PATHS = "\"ProjetoFinal_IOS_Basico/Preview Content\"";
				ENABLE_PREVIEWS = YES;
				INFOPLIST_FILE = ProjetoFinal_IOS_Basico/Info.plist;
				IPHONEOS_DEPLOYMENT_TARGET = 14.0;
				LD_RUNPATH_SEARCH_PATHS = (
					"$(inherited)",
					"@executable_path/Frameworks",
				);
				PRODUCT_BUNDLE_IDENTIFIER = "com.demetriusjr.ProjetoFinal-IOS-Basico";
				PRODUCT_NAME = "$(TARGET_NAME)";
				SWIFT_VERSION = 5.0;
				TARGETED_DEVICE_FAMILY = "1,2";
			};
			name = Debug;
		};
		C266FEB026E3D5FB00D8BA7A /* Release */ = {
			isa = XCBuildConfiguration;
			buildSettings = {
				ASSETCATALOG_COMPILER_APPICON_NAME = AppIcon;
				ASSETCATALOG_COMPILER_GLOBAL_ACCENT_COLOR_NAME = AccentColor;
				CODE_SIGN_STYLE = Automatic;
				DEVELOPMENT_ASSET_PATHS = "\"ProjetoFinal_IOS_Basico/Preview Content\"";
				ENABLE_PREVIEWS = YES;
				INFOPLIST_FILE = ProjetoFinal_IOS_Basico/Info.plist;
				IPHONEOS_DEPLOYMENT_TARGET = 14.0;
				LD_RUNPATH_SEARCH_PATHS = (
					"$(inherited)",
					"@executable_path/Frameworks",
				);
				PRODUCT_BUNDLE_IDENTIFIER = "com.demetriusjr.ProjetoFinal-IOS-Basico";
				PRODUCT_NAME = "$(TARGET_NAME)";
				SWIFT_VERSION = 5.0;
				TARGETED_DEVICE_FAMILY = "1,2";
			};
			name = Release;
		};
/* End XCBuildConfiguration section */

/* Begin XCConfigurationList section */
		C266FE9A26E3D5E700D8BA7A /* Build configuration list for PBXProject "ProjetoFinal_IOS_Basico" */ = {
			isa = XCConfigurationList;
			buildConfigurations = (
				C266FEAC26E3D5FB00D8BA7A /* Debug */,
				C266FEAD26E3D5FB00D8BA7A /* Release */,
			);
			defaultConfigurationIsVisible = 0;
			defaultConfigurationName = Release;
		};
		C266FEAE26E3D5FB00D8BA7A /* Build configuration list for PBXNativeTarget "ProjetoFinal_IOS_Basico" */ = {
			isa = XCConfigurationList;
			buildConfigurations = (
				C266FEAF26E3D5FB00D8BA7A /* Debug */,
				C266FEB026E3D5FB00D8BA7A /* Release */,
			);
			defaultConfigurationIsVisible = 0;
			defaultConfigurationName = Release;
		};
/* End XCConfigurationList section */

/* Begin XCVersionGroup section */
		C2B1C30026E40838003E43D0 /* modeloDados.xcdatamodeld */ = {
			isa = XCVersionGroup;
			children = (
				C2B1C30126E40838003E43D0 /* modeloDados.xcdatamodel */,
			);
			currentVersion = C2B1C30126E40838003E43D0 /* modeloDados.xcdatamodel */;
			path = modeloDados.xcdatamodeld;
			sourceTree = "<group>";
			versionGroupType = wrapper.xcdatamodel;
		};
/* End XCVersionGroup section */
	};
	rootObject = C266FE9726E3D5E700D8BA7A /* Project object */;
}
